
Microsoft Visual Studio Solution File, Format Version 12.00
# Visual Studio Version 17
VisualStudioVersion = 17.3.32929.385
MinimumVisualStudioVersion = 10.0.40219.1
Project("{FAE04EC0-301F-11D3-BF4B-00C04F79EFBC}") = "VideoScreenshotExtractor", "VideoScreenshotExtractor\VideoScreenshotExtractor.csproj", "{AF98E651-EF41-48E8-B5F9-154D1F31B77C}"
EndProject
Global
	GlobalSection(SolutionConfigurationPlatforms) = preSolution
		Debug|Any CPU = Debug|Any CPU
		Release|Any CPU = Release|Any CPU
	EndGlobalSection
	GlobalSection(ProjectConfigurationPlatforms) = postSolution
		{AF98E651-EF41-48E8-B5F9-154D1F31B77C}.Debug|Any CPU.ActiveCfg = Debug|Any CPU
		{AF98E651-EF41-48E8-B5F9-154D1F31B77C}.Debug|Any CPU.Build.0 = Debug|Any CPU
		{AF98E651-EF41-48E8-B5F9-154D1F31B77C}.Release|Any CPU.ActiveCfg = Release|Any CPU
		{AF98E651-EF41-48E8-B5F9-154D1F31B77C}.Release|Any CPU.Build.0 = Release|Any CPU
	EndGlobalSection
	GlobalSection(SolutionProperties) = preSolution
		HideSolutionNode = FALSE
	EndGlobalSection
	GlobalSection(ExtensibilityGlobals) = postSolution
		SolutionGuid = {0DABFD5A-8D54-4B69-8811-D9F12E0380B4}
	EndGlobalSection
EndGlobal
